// !$*UTF8*$!
{
	archiveVersion = 1;
	classes = {
	};
	objectVersion = 56;
	objects = {

/* Begin PBXBuildFile section */
		9A1DAE0529DCEE5100647654 /* VolumeCollectionViewCell.swift in Sources */ = {isa = PBXBuildFile; fileRef = 9A1DAE0329DCEE5100647654 /* VolumeCollectionViewCell.swift */; };
		9A1DAE0629DCEE5100647654 /* VolumeCollectionViewCell.xib in Resources */ = {isa = PBXBuildFile; fileRef = 9A1DAE0429DCEE5100647654 /* VolumeCollectionViewCell.xib */; };
		9A5E2DF729DCA1DD0023AF4D /* AppDelegate.swift in Sources */ = {isa = PBXBuildFile; fileRef = 9A5E2DF629DCA1DD0023AF4D /* AppDelegate.swift */; };
		9A5E2DF929DCA1DD0023AF4D /* SceneDelegate.swift in Sources */ = {isa = PBXBuildFile; fileRef = 9A5E2DF829DCA1DD0023AF4D /* SceneDelegate.swift */; };
		9A5E2DFE29DCA1DD0023AF4D /* Main.storyboard in Resources */ = {isa = PBXBuildFile; fileRef = 9A5E2DFC29DCA1DD0023AF4D /* Main.storyboard */; };
		9A5E2E0029DCA1DF0023AF4D /* Assets.xcassets in Resources */ = {isa = PBXBuildFile; fileRef = 9A5E2DFF29DCA1DF0023AF4D /* Assets.xcassets */; };
		9A5E2E0329DCA1DF0023AF4D /* LaunchScreen.storyboard in Resources */ = {isa = PBXBuildFile; fileRef = 9A5E2E0129DCA1DF0023AF4D /* LaunchScreen.storyboard */; };
		9A5E2E0E29DCA1DF0023AF4D /* BookStore_NunoCordeiroTests.swift in Sources */ = {isa = PBXBuildFile; fileRef = 9A5E2E0D29DCA1DF0023AF4D /* BookStore_NunoCordeiroTests.swift */; };
		9A5E2E1829DCA1DF0023AF4D /* BookStore_NunoCordeiroUITests.swift in Sources */ = {isa = PBXBuildFile; fileRef = 9A5E2E1729DCA1DF0023AF4D /* BookStore_NunoCordeiroUITests.swift */; };
		9A5E2E1A29DCA1DF0023AF4D /* BookStore_NunoCordeiroUITestsLaunchTests.swift in Sources */ = {isa = PBXBuildFile; fileRef = 9A5E2E1929DCA1DF0023AF4D /* BookStore_NunoCordeiroUITestsLaunchTests.swift */; };
		9A5E2E2B29DCA3640023AF4D /* UIView.swift in Sources */ = {isa = PBXBuildFile; fileRef = 9A5E2E2929DCA3640023AF4D /* UIView.swift */; };
		9A5E2E2C29DCA3640023AF4D /* Encodable.swift in Sources */ = {isa = PBXBuildFile; fileRef = 9A5E2E2A29DCA3640023AF4D /* Encodable.swift */; };
		9A5E2E2E29DCA3860023AF4D /* BaseViewController.swift in Sources */ = {isa = PBXBuildFile; fileRef = 9A5E2E2D29DCA3860023AF4D /* BaseViewController.swift */; };
		9A5E2E3029DCA3E70023AF4D /* ApiManager.swift in Sources */ = {isa = PBXBuildFile; fileRef = 9A5E2E2F29DCA3E70023AF4D /* ApiManager.swift */; };
		9A5E2E3329DCA4E20023AF4D /* Globals.swift in Sources */ = {isa = PBXBuildFile; fileRef = 9A5E2E3229DCA4E20023AF4D /* Globals.swift */; };
		9A5E2E3529DCA5BA0023AF4D /* AppConstants.swift in Sources */ = {isa = PBXBuildFile; fileRef = 9A5E2E3429DCA5BA0023AF4D /* AppConstants.swift */; };
		9A5E2E3729DCA6690023AF4D /* ApiManager+Volumes.swift in Sources */ = {isa = PBXBuildFile; fileRef = 9A5E2E3629DCA6690023AF4D /* ApiManager+Volumes.swift */; };
		9A5E2E3A29DCA78A0023AF4D /* Volume.swift in Sources */ = {isa = PBXBuildFile; fileRef = 9A5E2E3929DCA78A0023AF4D /* Volume.swift */; };
		9A5E2E3E29DCAC120023AF4D /* VolumeListViewController.swift in Sources */ = {isa = PBXBuildFile; fileRef = 9A5E2E3D29DCAC120023AF4D /* VolumeListViewController.swift */; };
		9A82C75229DDB60400AF4F86 /* UIImageView+Caching.swift in Sources */ = {isa = PBXBuildFile; fileRef = 9A82C75129DDB60400AF4F86 /* UIImageView+Caching.swift */; };
		9ABA62A029DCD8BD004EBCC7 /* JSONDecoder.swift in Sources */ = {isa = PBXBuildFile; fileRef = 9ABA629F29DCD8BD004EBCC7 /* JSONDecoder.swift */; };
		9ABA62A229DCDC68004EBCC7 /* VolumeDetailViewController.swift in Sources */ = {isa = PBXBuildFile; fileRef = 9ABA62A129DCDC68004EBCC7 /* VolumeDetailViewController.swift */; };
/* End PBXBuildFile section */

/* Begin PBXContainerItemProxy section */
		9A5E2E0A29DCA1DF0023AF4D /* PBXContainerItemProxy */ = {
			isa = PBXContainerItemProxy;
			containerPortal = 9A5E2DEB29DCA1DD0023AF4D /* Project object */;
			proxyType = 1;
			remoteGlobalIDString = 9A5E2DF229DCA1DD0023AF4D;
			remoteInfo = BookStore_NunoCordeiro;
		};
		9A5E2E1429DCA1DF0023AF4D /* PBXContainerItemProxy */ = {
			isa = PBXContainerItemProxy;
			containerPortal = 9A5E2DEB29DCA1DD0023AF4D /* Project object */;
			proxyType = 1;
			remoteGlobalIDString = 9A5E2DF229DCA1DD0023AF4D;
			remoteInfo = BookStore_NunoCordeiro;
		};
/* End PBXContainerItemProxy section */

/* Begin PBXFileReference section */
		9A1DAE0329DCEE5100647654 /* VolumeCollectionViewCell.swift */ = {isa = PBXFileReference; lastKnownFileType = sourcecode.swift; path = VolumeCollectionViewCell.swift; sourceTree = "<group>"; };
		9A1DAE0429DCEE5100647654 /* VolumeCollectionViewCell.xib */ = {isa = PBXFileReference; lastKnownFileType = file.xib; path = VolumeCollectionViewCell.xib; sourceTree = "<group>"; };
		9A5E2DF329DCA1DD0023AF4D /* BookStore_NunoCordeiro.app */ = {isa = PBXFileReference; explicitFileType = wrapper.application; includeInIndex = 0; path = BookStore_NunoCordeiro.app; sourceTree = BUILT_PRODUCTS_DIR; };
		9A5E2DF629DCA1DD0023AF4D /* AppDelegate.swift */ = {isa = PBXFileReference; lastKnownFileType = sourcecode.swift; path = AppDelegate.swift; sourceTree = "<group>"; };
		9A5E2DF829DCA1DD0023AF4D /* SceneDelegate.swift */ = {isa = PBXFileReference; lastKnownFileType = sourcecode.swift; path = SceneDelegate.swift; sourceTree = "<group>"; };
		9A5E2DFD29DCA1DD0023AF4D /* Base */ = {isa = PBXFileReference; lastKnownFileType = file.storyboard; name = Base; path = Base.lproj/Main.storyboard; sourceTree = "<group>"; };
		9A5E2DFF29DCA1DF0023AF4D /* Assets.xcassets */ = {isa = PBXFileReference; lastKnownFileType = folder.assetcatalog; path = Assets.xcassets; sourceTree = "<group>"; };
		9A5E2E0229DCA1DF0023AF4D /* Base */ = {isa = PBXFileReference; lastKnownFileType = file.storyboard; name = Base; path = Base.lproj/LaunchScreen.storyboard; sourceTree = "<group>"; };
		9A5E2E0429DCA1DF0023AF4D /* Info.plist */ = {isa = PBXFileReference; lastKnownFileType = text.plist.xml; path = Info.plist; sourceTree = "<group>"; };
		9A5E2E0929DCA1DF0023AF4D /* BookStore_NunoCordeiroTests.xctest */ = {isa = PBXFileReference; explicitFileType = wrapper.cfbundle; includeInIndex = 0; path = BookStore_NunoCordeiroTests.xctest; sourceTree = BUILT_PRODUCTS_DIR; };
		9A5E2E0D29DCA1DF0023AF4D /* BookStore_NunoCordeiroTests.swift */ = {isa = PBXFileReference; lastKnownFileType = sourcecode.swift; path = BookStore_NunoCordeiroTests.swift; sourceTree = "<group>"; };
		9A5E2E1329DCA1DF0023AF4D /* BookStore_NunoCordeiroUITests.xctest */ = {isa = PBXFileReference; explicitFileType = wrapper.cfbundle; includeInIndex = 0; path = BookStore_NunoCordeiroUITests.xctest; sourceTree = BUILT_PRODUCTS_DIR; };
		9A5E2E1729DCA1DF0023AF4D /* BookStore_NunoCordeiroUITests.swift */ = {isa = PBXFileReference; lastKnownFileType = sourcecode.swift; path = BookStore_NunoCordeiroUITests.swift; sourceTree = "<group>"; };
		9A5E2E1929DCA1DF0023AF4D /* BookStore_NunoCordeiroUITestsLaunchTests.swift */ = {isa = PBXFileReference; lastKnownFileType = sourcecode.swift; path = BookStore_NunoCordeiroUITestsLaunchTests.swift; sourceTree = "<group>"; };
		9A5E2E2929DCA3640023AF4D /* UIView.swift */ = {isa = PBXFileReference; fileEncoding = 4; lastKnownFileType = sourcecode.swift; path = UIView.swift; sourceTree = "<group>"; };
		9A5E2E2A29DCA3640023AF4D /* Encodable.swift */ = {isa = PBXFileReference; fileEncoding = 4; lastKnownFileType = sourcecode.swift; path = Encodable.swift; sourceTree = "<group>"; };
		9A5E2E2D29DCA3860023AF4D /* BaseViewController.swift */ = {isa = PBXFileReference; fileEncoding = 4; lastKnownFileType = sourcecode.swift; path = BaseViewController.swift; sourceTree = "<group>"; };
		9A5E2E2F29DCA3E70023AF4D /* ApiManager.swift */ = {isa = PBXFileReference; fileEncoding = 4; lastKnownFileType = sourcecode.swift; path = ApiManager.swift; sourceTree = "<group>"; };
		9A5E2E3229DCA4E20023AF4D /* Globals.swift */ = {isa = PBXFileReference; fileEncoding = 4; lastKnownFileType = sourcecode.swift; path = Globals.swift; sourceTree = "<group>"; };
		9A5E2E3429DCA5BA0023AF4D /* AppConstants.swift */ = {isa = PBXFileReference; fileEncoding = 4; lastKnownFileType = sourcecode.swift; path = AppConstants.swift; sourceTree = "<group>"; };
		9A5E2E3629DCA6690023AF4D /* ApiManager+Volumes.swift */ = {isa = PBXFileReference; lastKnownFileType = sourcecode.swift; path = "ApiManager+Volumes.swift"; sourceTree = "<group>"; };
		9A5E2E3929DCA78A0023AF4D /* Volume.swift */ = {isa = PBXFileReference; lastKnownFileType = sourcecode.swift; path = Volume.swift; sourceTree = "<group>"; };
		9A5E2E3D29DCAC120023AF4D /* VolumeListViewController.swift */ = {isa = PBXFileReference; lastKnownFileType = sourcecode.swift; path = VolumeListViewController.swift; sourceTree = "<group>"; };
		9A82C75129DDB60400AF4F86 /* UIImageView+Caching.swift */ = {isa = PBXFileReference; lastKnownFileType = sourcecode.swift; path = "UIImageView+Caching.swift"; sourceTree = "<group>"; };
		9ABA629F29DCD8BD004EBCC7 /* JSONDecoder.swift */ = {isa = PBXFileReference; lastKnownFileType = sourcecode.swift; path = JSONDecoder.swift; sourceTree = "<group>"; };
		9ABA62A129DCDC68004EBCC7 /* VolumeDetailViewController.swift */ = {isa = PBXFileReference; lastKnownFileType = sourcecode.swift; path = VolumeDetailViewController.swift; sourceTree = "<group>"; };
/* End PBXFileReference section */

/* Begin PBXFrameworksBuildPhase section */
		9A5E2DF029DCA1DD0023AF4D /* Frameworks */ = {
			isa = PBXFrameworksBuildPhase;
			buildActionMask = 2147483647;
			files = (
			);
			runOnlyForDeploymentPostprocessing = 0;
		};
		9A5E2E0629DCA1DF0023AF4D /* Frameworks */ = {
			isa = PBXFrameworksBuildPhase;
			buildActionMask = 2147483647;
			files = (
			);
			runOnlyForDeploymentPostprocessing = 0;
		};
		9A5E2E1029DCA1DF0023AF4D /* Frameworks */ = {
			isa = PBXFrameworksBuildPhase;
			buildActionMask = 2147483647;
			files = (
			);
			runOnlyForDeploymentPostprocessing = 0;
		};
/* End PBXFrameworksBuildPhase section */

/* Begin PBXGroup section */
		9A1DAE0229DCEE1900647654 /* VolumeCollectionViewCell */ = {
			isa = PBXGroup;
			children = (
				9A1DAE0329DCEE5100647654 /* VolumeCollectionViewCell.swift */,
				9A1DAE0429DCEE5100647654 /* VolumeCollectionViewCell.xib */,
			);
			path = VolumeCollectionViewCell;
			sourceTree = "<group>";
		};
		9A5E2DEA29DCA1DD0023AF4D = {
			isa = PBXGroup;
			children = (
				9A5E2DF529DCA1DD0023AF4D /* BookStore_NunoCordeiro */,
				9A5E2E0C29DCA1DF0023AF4D /* BookStore_NunoCordeiroTests */,
				9A5E2E1629DCA1DF0023AF4D /* BookStore_NunoCordeiroUITests */,
				9A5E2DF429DCA1DD0023AF4D /* Products */,
			);
			sourceTree = "<group>";
		};
		9A5E2DF429DCA1DD0023AF4D /* Products */ = {
			isa = PBXGroup;
			children = (
				9A5E2DF329DCA1DD0023AF4D /* BookStore_NunoCordeiro.app */,
				9A5E2E0929DCA1DF0023AF4D /* BookStore_NunoCordeiroTests.xctest */,
				9A5E2E1329DCA1DF0023AF4D /* BookStore_NunoCordeiroUITests.xctest */,
			);
			name = Products;
			sourceTree = "<group>";
		};
		9A5E2DF529DCA1DD0023AF4D /* BookStore_NunoCordeiro */ = {
			isa = PBXGroup;
			children = (
				9A5E2E2629DCA2E50023AF4D /* BaseConfiguration */,
				9A5E2E2829DCA3640023AF4D /* Extensions */,
				9A5E2E3129DCA3ED0023AF4D /* API */,
				9A5E2E3B29DCA79B0023AF4D /* Models */,
				9A5E2E2729DCA2F80023AF4D /* ViewControllers */,
				9A5E2E3C29DCA7AD0023AF4D /* UI */,
				9A5E2E0429DCA1DF0023AF4D /* Info.plist */,
			);
			path = BookStore_NunoCordeiro;
			sourceTree = "<group>";
		};
		9A5E2E0C29DCA1DF0023AF4D /* BookStore_NunoCordeiroTests */ = {
			isa = PBXGroup;
			children = (
				9A5E2E0D29DCA1DF0023AF4D /* BookStore_NunoCordeiroTests.swift */,
			);
			path = BookStore_NunoCordeiroTests;
			sourceTree = "<group>";
		};
		9A5E2E1629DCA1DF0023AF4D /* BookStore_NunoCordeiroUITests */ = {
			isa = PBXGroup;
			children = (
				9A5E2E1729DCA1DF0023AF4D /* BookStore_NunoCordeiroUITests.swift */,
				9A5E2E1929DCA1DF0023AF4D /* BookStore_NunoCordeiroUITestsLaunchTests.swift */,
			);
			path = BookStore_NunoCordeiroUITests;
			sourceTree = "<group>";
		};
		9A5E2E2629DCA2E50023AF4D /* BaseConfiguration */ = {
			isa = PBXGroup;
			children = (
				9A5E2E3429DCA5BA0023AF4D /* AppConstants.swift */,
				9A5E2E3229DCA4E20023AF4D /* Globals.swift */,
				9A5E2E2D29DCA3860023AF4D /* BaseViewController.swift */,
				9A5E2DF629DCA1DD0023AF4D /* AppDelegate.swift */,
				9A5E2DF829DCA1DD0023AF4D /* SceneDelegate.swift */,
			);
			path = BaseConfiguration;
			sourceTree = "<group>";
		};
		9A5E2E2729DCA2F80023AF4D /* ViewControllers */ = {
			isa = PBXGroup;
			children = (
				9A5E2E3D29DCAC120023AF4D /* VolumeListViewController.swift */,
				9ABA62A129DCDC68004EBCC7 /* VolumeDetailViewController.swift */,
			);
			path = ViewControllers;
			sourceTree = "<group>";
		};
		9A5E2E2829DCA3640023AF4D /* Extensions */ = {
			isa = PBXGroup;
			children = (
				9A5E2E2929DCA3640023AF4D /* UIView.swift */,
				9A5E2E2A29DCA3640023AF4D /* Encodable.swift */,
				9ABA629F29DCD8BD004EBCC7 /* JSONDecoder.swift */,
				9A82C75129DDB60400AF4F86 /* UIImageView+Caching.swift */,
			);
			path = Extensions;
			sourceTree = "<group>";
		};
		9A5E2E3129DCA3ED0023AF4D /* API */ = {
			isa = PBXGroup;
			children = (
				9A5E2E2F29DCA3E70023AF4D /* ApiManager.swift */,
				9A5E2E3629DCA6690023AF4D /* ApiManager+Volumes.swift */,
			);
			path = API;
			sourceTree = "<group>";
		};
		9A5E2E3829DCA6F30023AF4D /* Storyboards */ = {
			isa = PBXGroup;
			children = (
				9A5E2DFC29DCA1DD0023AF4D /* Main.storyboard */,
				9A5E2E0129DCA1DF0023AF4D /* LaunchScreen.storyboard */,
			);
			path = Storyboards;
			sourceTree = "<group>";
		};
		9A5E2E3B29DCA79B0023AF4D /* Models */ = {
			isa = PBXGroup;
			children = (
				9A5E2E3929DCA78A0023AF4D /* Volume.swift */,
			);
			path = Models;
			sourceTree = "<group>";
		};
		9A5E2E3C29DCA7AD0023AF4D /* UI */ = {
			isa = PBXGroup;
			children = (
				9A1DAE0229DCEE1900647654 /* VolumeCollectionViewCell */,
				9A5E2E3829DCA6F30023AF4D /* Storyboards */,
				9A5E2DFF29DCA1DF0023AF4D /* Assets.xcassets */,
			);
			path = UI;
			sourceTree = "<group>";
		};
/* End PBXGroup section */

/* Begin PBXNativeTarget section */
		9A5E2DF229DCA1DD0023AF4D /* BookStore_NunoCordeiro */ = {
			isa = PBXNativeTarget;
			buildConfigurationList = 9A5E2E1D29DCA1DF0023AF4D /* Build configuration list for PBXNativeTarget "BookStore_NunoCordeiro" */;
			buildPhases = (
				9A5E2DEF29DCA1DD0023AF4D /* Sources */,
				9A5E2DF029DCA1DD0023AF4D /* Frameworks */,
				9A5E2DF129DCA1DD0023AF4D /* Resources */,
			);
			buildRules = (
			);
			dependencies = (
			);
			name = BookStore_NunoCordeiro;
			productName = BookStore_NunoCordeiro;
			productReference = 9A5E2DF329DCA1DD0023AF4D /* BookStore_NunoCordeiro.app */;
			productType = "com.apple.product-type.application";
		};
		9A5E2E0829DCA1DF0023AF4D /* BookStore_NunoCordeiroTests */ = {
			isa = PBXNativeTarget;
			buildConfigurationList = 9A5E2E2029DCA1DF0023AF4D /* Build configuration list for PBXNativeTarget "BookStore_NunoCordeiroTests" */;
			buildPhases = (
				9A5E2E0529DCA1DF0023AF4D /* Sources */,
				9A5E2E0629DCA1DF0023AF4D /* Frameworks */,
				9A5E2E0729DCA1DF0023AF4D /* Resources */,
			);
			buildRules = (
			);
			dependencies = (
				9A5E2E0B29DCA1DF0023AF4D /* PBXTargetDependency */,
			);
			name = BookStore_NunoCordeiroTests;
			productName = BookStore_NunoCordeiroTests;
			productReference = 9A5E2E0929DCA1DF0023AF4D /* BookStore_NunoCordeiroTests.xctest */;
			productType = "com.apple.product-type.bundle.unit-test";
		};
		9A5E2E1229DCA1DF0023AF4D /* BookStore_NunoCordeiroUITests */ = {
			isa = PBXNativeTarget;
			buildConfigurationList = 9A5E2E2329DCA1DF0023AF4D /* Build configuration list for PBXNativeTarget "BookStore_NunoCordeiroUITests" */;
			buildPhases = (
				9A5E2E0F29DCA1DF0023AF4D /* Sources */,
				9A5E2E1029DCA1DF0023AF4D /* Frameworks */,
				9A5E2E1129DCA1DF0023AF4D /* Resources */,
			);
			buildRules = (
			);
			dependencies = (
				9A5E2E1529DCA1DF0023AF4D /* PBXTargetDependency */,
			);
			name = BookStore_NunoCordeiroUITests;
			productName = BookStore_NunoCordeiroUITests;
			productReference = 9A5E2E1329DCA1DF0023AF4D /* BookStore_NunoCordeiroUITests.xctest */;
			productType = "com.apple.product-type.bundle.ui-testing";
		};
/* End PBXNativeTarget section */

/* Begin PBXProject section */
		9A5E2DEB29DCA1DD0023AF4D /* Project object */ = {
			isa = PBXProject;
			attributes = {
				BuildIndependentTargetsInParallel = 1;
				LastSwiftUpdateCheck = 1420;
				LastUpgradeCheck = 1420;
				TargetAttributes = {
					9A5E2DF229DCA1DD0023AF4D = {
						CreatedOnToolsVersion = 14.2;
					};
					9A5E2E0829DCA1DF0023AF4D = {
						CreatedOnToolsVersion = 14.2;
						TestTargetID = 9A5E2DF229DCA1DD0023AF4D;
					};
					9A5E2E1229DCA1DF0023AF4D = {
						CreatedOnToolsVersion = 14.2;
						TestTargetID = 9A5E2DF229DCA1DD0023AF4D;
					};
				};
			};
			buildConfigurationList = 9A5E2DEE29DCA1DD0023AF4D /* Build configuration list for PBXProject "BookStore_NunoCordeiro" */;
			compatibilityVersion = "Xcode 14.0";
			developmentRegion = en;
			hasScannedForEncodings = 0;
			knownRegions = (
				en,
				Base,
			);
			mainGroup = 9A5E2DEA29DCA1DD0023AF4D;
			productRefGroup = 9A5E2DF429DCA1DD0023AF4D /* Products */;
			projectDirPath = "";
			projectRoot = "";
			targets = (
				9A5E2DF229DCA1DD0023AF4D /* BookStore_NunoCordeiro */,
				9A5E2E0829DCA1DF0023AF4D /* BookStore_NunoCordeiroTests */,
				9A5E2E1229DCA1DF0023AF4D /* BookStore_NunoCordeiroUITests */,
			);
		};
/* End PBXProject section */

/* Begin PBXResourcesBuildPhase section */
		9A5E2DF129DCA1DD0023AF4D /* Resources */ = {
			isa = PBXResourcesBuildPhase;
			buildActionMask = 2147483647;
			files = (
				9A1DAE0629DCEE5100647654 /* VolumeCollectionViewCell.xib in Resources */,
				9A5E2E0329DCA1DF0023AF4D /* LaunchScreen.storyboard in Resources */,
				9A5E2E0029DCA1DF0023AF4D /* Assets.xcassets in Resources */,
				9A5E2DFE29DCA1DD0023AF4D /* Main.storyboard in Resources */,
			);
			runOnlyForDeploymentPostprocessing = 0;
		};
		9A5E2E0729DCA1DF0023AF4D /* Resources */ = {
			isa = PBXResourcesBuildPhase;
			buildActionMask = 2147483647;
			files = (
			);
			runOnlyForDeploymentPostprocessing = 0;
		};
		9A5E2E1129DCA1DF0023AF4D /* Resources */ = {
			isa = PBXResourcesBuildPhase;
			buildActionMask = 2147483647;
			files = (
			);
			runOnlyForDeploymentPostprocessing = 0;
		};
/* End PBXResourcesBuildPhase section */

/* Begin PBXSourcesBuildPhase section */
		9A5E2DEF29DCA1DD0023AF4D /* Sources */ = {
			isa = PBXSourcesBuildPhase;
			buildActionMask = 2147483647;
			files = (
				9A5E2E2B29DCA3640023AF4D /* UIView.swift in Sources */,
				9A5E2E3529DCA5BA0023AF4D /* AppConstants.swift in Sources */,
				9A1DAE0529DCEE5100647654 /* VolumeCollectionViewCell.swift in Sources */,
				9A5E2E3729DCA6690023AF4D /* ApiManager+Volumes.swift in Sources */,
				9A5E2DF729DCA1DD0023AF4D /* AppDelegate.swift in Sources */,
				9ABA62A029DCD8BD004EBCC7 /* JSONDecoder.swift in Sources */,
				9A5E2DF929DCA1DD0023AF4D /* SceneDelegate.swift in Sources */,
				9A5E2E3329DCA4E20023AF4D /* Globals.swift in Sources */,
				9A5E2E2C29DCA3640023AF4D /* Encodable.swift in Sources */,
				9A82C75229DDB60400AF4F86 /* UIImageView+Caching.swift in Sources */,
				9A5E2E3E29DCAC120023AF4D /* VolumeListViewController.swift in Sources */,
				9ABA62A229DCDC68004EBCC7 /* VolumeDetailViewController.swift in Sources */,
				9A5E2E3A29DCA78A0023AF4D /* Volume.swift in Sources */,
				9A5E2E2E29DCA3860023AF4D /* BaseViewController.swift in Sources */,
				9A5E2E3029DCA3E70023AF4D /* ApiManager.swift in Sources */,
			);
			runOnlyForDeploymentPostprocessing = 0;
		};
		9A5E2E0529DCA1DF0023AF4D /* Sources */ = {
			isa = PBXSourcesBuildPhase;
			buildActionMask = 2147483647;
			files = (
				9A5E2E0E29DCA1DF0023AF4D /* BookStore_NunoCordeiroTests.swift in Sources */,
			);
			runOnlyForDeploymentPostprocessing = 0;
		};
		9A5E2E0F29DCA1DF0023AF4D /* Sources */ = {
			isa = PBXSourcesBuildPhase;
			buildActionMask = 2147483647;
			files = (
				9A5E2E1A29DCA1DF0023AF4D /* BookStore_NunoCordeiroUITestsLaunchTests.swift in Sources */,
				9A5E2E1829DCA1DF0023AF4D /* BookStore_NunoCordeiroUITests.swift in Sources */,
			);
			runOnlyForDeploymentPostprocessing = 0;
		};
/* End PBXSourcesBuildPhase section */

/* Begin PBXTargetDependency section */
		9A5E2E0B29DCA1DF0023AF4D /* PBXTargetDependency */ = {
			isa = PBXTargetDependency;
			target = 9A5E2DF229DCA1DD0023AF4D /* BookStore_NunoCordeiro */;
			targetProxy = 9A5E2E0A29DCA1DF0023AF4D /* PBXContainerItemProxy */;
		};
		9A5E2E1529DCA1DF0023AF4D /* PBXTargetDependency */ = {
			isa = PBXTargetDependency;
			target = 9A5E2DF229DCA1DD0023AF4D /* BookStore_NunoCordeiro */;
			targetProxy = 9A5E2E1429DCA1DF0023AF4D /* PBXContainerItemProxy */;
		};
/* End PBXTargetDependency section */

/* Begin PBXVariantGroup section */
		9A5E2DFC29DCA1DD0023AF4D /* Main.storyboard */ = {
			isa = PBXVariantGroup;
			children = (
				9A5E2DFD29DCA1DD0023AF4D /* Base */,
			);
			name = Main.storyboard;
			sourceTree = "<group>";
		};
		9A5E2E0129DCA1DF0023AF4D /* LaunchScreen.storyboard */ = {
			isa = PBXVariantGroup;
			children = (
				9A5E2E0229DCA1DF0023AF4D /* Base */,
			);
			name = LaunchScreen.storyboard;
			sourceTree = "<group>";
		};
/* End PBXVariantGroup section */

/* Begin XCBuildConfiguration section */
		9A5E2E1B29DCA1DF0023AF4D /* Debug */ = {
			isa = XCBuildConfiguration;
			buildSettings = {
				ALWAYS_SEARCH_USER_PATHS = NO;
				CLANG_ANALYZER_NONNULL = YES;
				CLANG_ANALYZER_NUMBER_OBJECT_CONVERSION = YES_AGGRESSIVE;
				CLANG_CXX_LANGUAGE_STANDARD = "gnu++20";
				CLANG_ENABLE_MODULES = YES;
				CLANG_ENABLE_OBJC_ARC = YES;
				CLANG_ENABLE_OBJC_WEAK = YES;
				CLANG_WARN_BLOCK_CAPTURE_AUTORELEASING = YES;
				CLANG_WARN_BOOL_CONVERSION = YES;
				CLANG_WARN_COMMA = YES;
				CLANG_WARN_CONSTANT_CONVERSION = YES;
				CLANG_WARN_DEPRECATED_OBJC_IMPLEMENTATIONS = YES;
				CLANG_WARN_DIRECT_OBJC_ISA_USAGE = YES_ERROR;
				CLANG_WARN_DOCUMENTATION_COMMENTS = YES;
				CLANG_WARN_EMPTY_BODY = YES;
				CLANG_WARN_ENUM_CONVERSION = YES;
				CLANG_WARN_INFINITE_RECURSION = YES;
				CLANG_WARN_INT_CONVERSION = YES;
				CLANG_WARN_NON_LITERAL_NULL_CONVERSION = YES;
				CLANG_WARN_OBJC_IMPLICIT_RETAIN_SELF = YES;
				CLANG_WARN_OBJC_LITERAL_CONVERSION = YES;
				CLANG_WARN_OBJC_ROOT_CLASS = YES_ERROR;
				CLANG_WARN_QUOTED_INCLUDE_IN_FRAMEWORK_HEADER = YES;
				CLANG_WARN_RANGE_LOOP_ANALYSIS = YES;
				CLANG_WARN_STRICT_PROTOTYPES = YES;
				CLANG_WARN_SUSPICIOUS_MOVE = YES;
				CLANG_WARN_UNGUARDED_AVAILABILITY = YES_AGGRESSIVE;
				CLANG_WARN_UNREACHABLE_CODE = YES;
				CLANG_WARN__DUPLICATE_METHOD_MATCH = YES;
				COPY_PHASE_STRIP = NO;
				DEBUG_INFORMATION_FORMAT = dwarf;
				ENABLE_STRICT_OBJC_MSGSEND = YES;
				ENABLE_TESTABILITY = YES;
				GCC_C_LANGUAGE_STANDARD = gnu11;
				GCC_DYNAMIC_NO_PIC = NO;
				GCC_NO_COMMON_BLOCKS = YES;
				GCC_OPTIMIZATION_LEVEL = 0;
				GCC_PREPROCESSOR_DEFINITIONS = (
					"DEBUG=1",
					"$(inherited)",
				);
				GCC_WARN_64_TO_32_BIT_CONVERSION = YES;
				GCC_WARN_ABOUT_RETURN_TYPE = YES_ERROR;
				GCC_WARN_UNDECLARED_SELECTOR = YES;
				GCC_WARN_UNINITIALIZED_AUTOS = YES_AGGRESSIVE;
				GCC_WARN_UNUSED_FUNCTION = YES;
				GCC_WARN_UNUSED_VARIABLE = YES;
				IPHONEOS_DEPLOYMENT_TARGET = 16.2;
				MTL_ENABLE_DEBUG_INFO = INCLUDE_SOURCE;
				MTL_FAST_MATH = YES;
				ONLY_ACTIVE_ARCH = YES;
				SDKROOT = iphoneos;
				SWIFT_ACTIVE_COMPILATION_CONDITIONS = DEBUG;
				SWIFT_OPTIMIZATION_LEVEL = "-Onone";
			};
			name = Debug;
		};
		9A5E2E1C29DCA1DF0023AF4D /* Release */ = {
			isa = XCBuildConfiguration;
			buildSettings = {
				ALWAYS_SEARCH_USER_PATHS = NO;
				CLANG_ANALYZER_NONNULL = YES;
				CLANG_ANALYZER_NUMBER_OBJECT_CONVERSION = YES_AGGRESSIVE;
				CLANG_CXX_LANGUAGE_STANDARD = "gnu++20";
				CLANG_ENABLE_MODULES = YES;
				CLANG_ENABLE_OBJC_ARC = YES;
				CLANG_ENABLE_OBJC_WEAK = YES;
				CLANG_WARN_BLOCK_CAPTURE_AUTORELEASING = YES;
				CLANG_WARN_BOOL_CONVERSION = YES;
				CLANG_WARN_COMMA = YES;
				CLANG_WARN_CONSTANT_CONVERSION = YES;
				CLANG_WARN_DEPRECATED_OBJC_IMPLEMENTATIONS = YES;
				CLANG_WARN_DIRECT_OBJC_ISA_USAGE = YES_ERROR;
				CLANG_WARN_DOCUMENTATION_COMMENTS = YES;
				CLANG_WARN_EMPTY_BODY = YES;
				CLANG_WARN_ENUM_CONVERSION = YES;
				CLANG_WARN_INFINITE_RECURSION = YES;
				CLANG_WARN_INT_CONVERSION = YES;
				CLANG_WARN_NON_LITERAL_NULL_CONVERSION = YES;
				CLANG_WARN_OBJC_IMPLICIT_RETAIN_SELF = YES;
				CLANG_WARN_OBJC_LITERAL_CONVERSION = YES;
				CLANG_WARN_OBJC_ROOT_CLASS = YES_ERROR;
				CLANG_WARN_QUOTED_INCLUDE_IN_FRAMEWORK_HEADER = YES;
				CLANG_WARN_RANGE_LOOP_ANALYSIS = YES;
				CLANG_WARN_STRICT_PROTOTYPES = YES;
				CLANG_WARN_SUSPICIOUS_MOVE = YES;
				CLANG_WARN_UNGUARDED_AVAILABILITY = YES_AGGRESSIVE;
				CLANG_WARN_UNREACHABLE_CODE = YES;
				CLANG_WARN__DUPLICATE_METHOD_MATCH = YES;
				COPY_PHASE_STRIP = NO;
				DEBUG_INFORMATION_FORMAT = "dwarf-with-dsym";
				ENABLE_NS_ASSERTIONS = NO;
				ENABLE_STRICT_OBJC_MSGSEND = YES;
				GCC_C_LANGUAGE_STANDARD = gnu11;
				GCC_NO_COMMON_BLOCKS = YES;
				GCC_WARN_64_TO_32_BIT_CONVERSION = YES;
				GCC_WARN_ABOUT_RETURN_TYPE = YES_ERROR;
				GCC_WARN_UNDECLARED_SELECTOR = YES;
				GCC_WARN_UNINITIALIZED_AUTOS = YES_AGGRESSIVE;
				GCC_WARN_UNUSED_FUNCTION = YES;
				GCC_WARN_UNUSED_VARIABLE = YES;
				IPHONEOS_DEPLOYMENT_TARGET = 16.2;
				MTL_ENABLE_DEBUG_INFO = NO;
				MTL_FAST_MATH = YES;
				SDKROOT = iphoneos;
				SWIFT_COMPILATION_MODE = wholemodule;
				SWIFT_OPTIMIZATION_LEVEL = "-O";
				VALIDATE_PRODUCT = YES;
			};
			name = Release;
		};
		9A5E2E1E29DCA1DF0023AF4D /* Debug */ = {
			isa = XCBuildConfiguration;
			buildSettings = {
				ASSETCATALOG_COMPILER_APPICON_NAME = AppIcon;
				ASSETCATALOG_COMPILER_GLOBAL_ACCENT_COLOR_NAME = AccentColor;
				CODE_SIGN_STYLE = Automatic;
				CURRENT_PROJECT_VERSION = 1;
				DEVELOPMENT_TEAM = F6474MXVM7;
				GENERATE_INFOPLIST_FILE = YES;
				INFOPLIST_FILE = BookStore_NunoCordeiro/Info.plist;
				INFOPLIST_KEY_UIApplicationSupportsIndirectInputEvents = YES;
				INFOPLIST_KEY_UILaunchStoryboardName = LaunchScreen;
				INFOPLIST_KEY_UIMainStoryboardFile = Main;
				INFOPLIST_KEY_UISupportedInterfaceOrientations_iPad = "UIInterfaceOrientationPortrait UIInterfaceOrientationPortraitUpsideDown UIInterfaceOrientationLandscapeLeft UIInterfaceOrientationLandscapeRight";
				INFOPLIST_KEY_UISupportedInterfaceOrientations_iPhone = "UIInterfaceOrientationPortrait UIInterfaceOrientationLandscapeLeft UIInterfaceOrientationLandscapeRight";
				LD_RUNPATH_SEARCH_PATHS = (
					"$(inherited)",
					"@executable_path/Frameworks",
				);
				MARKETING_VERSION = 1.0;
				PRODUCT_BUNDLE_IDENTIFIER = "com.techtailors.BookStore-NunoCordeiro";
				PRODUCT_NAME = "$(TARGET_NAME)";
				SWIFT_EMIT_LOC_STRINGS = YES;
				SWIFT_VERSION = 5.0;
				TARGETED_DEVICE_FAMILY = "1,2";
			};
			name = Debug;
		};
		9A5E2E1F29DCA1DF0023AF4D /* Release */ = {
			isa = XCBuildConfiguration;
			buildSettings = {
				ASSETCATALOG_COMPILER_APPICON_NAME = AppIcon;
				ASSETCATALOG_COMPILER_GLOBAL_ACCENT_COLOR_NAME = AccentColor;
				CODE_SIGN_STYLE = Automatic;
				CURRENT_PROJECT_VERSION = 1;
				DEVELOPMENT_TEAM = F6474MXVM7;
				GENERATE_INFOPLIST_FILE = YES;
				INFOPLIST_FILE = BookStore_NunoCordeiro/Info.plist;
				INFOPLIST_KEY_UIApplicationSupportsIndirectInputEvents = YES;
				INFOPLIST_KEY_UILaunchStoryboardName = LaunchScreen;
				INFOPLIST_KEY_UIMainStoryboardFile = Main;
				INFOPLIST_KEY_UISupportedInterfaceOrientations_iPad = "UIInterfaceOrientationPortrait UIInterfaceOrientationPortraitUpsideDown UIInterfaceOrientationLandscapeLeft UIInterfaceOrientationLandscapeRight";
				INFOPLIST_KEY_UISupportedInterfaceOrientations_iPhone = "UIInterfaceOrientationPortrait UIInterfaceOrientationLandscapeLeft UIInterfaceOrientationLandscapeRight";
				LD_RUNPATH_SEARCH_PATHS = (
					"$(inherited)",
					"@executable_path/Frameworks",
				);
				MARKETING_VERSION = 1.0;
				PRODUCT_BUNDLE_IDENTIFIER = "com.techtailors.BookStore-NunoCordeiro";
				PRODUCT_NAME = "$(TARGET_NAME)";
				SWIFT_EMIT_LOC_STRINGS = YES;
				SWIFT_VERSION = 5.0;
				TARGETED_DEVICE_FAMILY = "1,2";
			};
			name = Release;
		};
		9A5E2E2129DCA1DF0023AF4D /* Debug */ = {
			isa = XCBuildConfiguration;
			buildSettings = {
				ALWAYS_EMBED_SWIFT_STANDARD_LIBRARIES = YES;
				BUNDLE_LOADER = "$(TEST_HOST)";
				CODE_SIGN_STYLE = Automatic;
				CURRENT_PROJECT_VERSION = 1;
				DEVELOPMENT_TEAM = F6474MXVM7;
				GENERATE_INFOPLIST_FILE = YES;
				IPHONEOS_DEPLOYMENT_TARGET = 16.2;
				MARKETING_VERSION = 1.0;
				PRODUCT_BUNDLE_IDENTIFIER = "com.techtailors.BookStore-NunoCordeiroTests";
				PRODUCT_NAME = "$(TARGET_NAME)";
				SWIFT_EMIT_LOC_STRINGS = NO;
				SWIFT_VERSION = 5.0;
				TARGETED_DEVICE_FAMILY = "1,2";
				TEST_HOST = "$(BUILT_PRODUCTS_DIR)/BookStore_NunoCordeiro.app/$(BUNDLE_EXECUTABLE_FOLDER_PATH)/BookStore_NunoCordeiro";
			};
			name = Debug;
		};
		9A5E2E2229DCA1DF0023AF4D /* Release */ = {
			isa = XCBuildConfiguration;
			buildSettings = {
				ALWAYS_EMBED_SWIFT_STANDARD_LIBRARIES = YES;
				BUNDLE_LOADER = "$(TEST_HOST)";
				CODE_SIGN_STYLE = Automatic;
				CURRENT_PROJECT_VERSION = 1;
				DEVELOPMENT_TEAM = F6474MXVM7;
				GENERATE_INFOPLIST_FILE = YES;
				IPHONEOS_DEPLOYMENT_TARGET = 16.2;
				MARKETING_VERSION = 1.0;
				PRODUCT_BUNDLE_IDENTIFIER = "com.techtailors.BookStore-NunoCordeiroTests";
				PRODUCT_NAME = "$(TARGET_NAME)";
				SWIFT_EMIT_LOC_STRINGS = NO;
				SWIFT_VERSION = 5.0;
				TARGETED_DEVICE_FAMILY = "1,2";
				TEST_HOST = "$(BUILT_PRODUCTS_DIR)/BookStore_NunoCordeiro.app/$(BUNDLE_EXECUTABLE_FOLDER_PATH)/BookStore_NunoCordeiro";
			};
			name = Release;
		};
		9A5E2E2429DCA1DF0023AF4D /* Debug */ = {
			isa = XCBuildConfiguration;
			buildSettings = {
				ALWAYS_EMBED_SWIFT_STANDARD_LIBRARIES = YES;
				CODE_SIGN_STYLE = Automatic;
				CURRENT_PROJECT_VERSION = 1;
				DEVELOPMENT_TEAM = F6474MXVM7;
				GENERATE_INFOPLIST_FILE = YES;
				MARKETING_VERSION = 1.0;
				PRODUCT_BUNDLE_IDENTIFIER = "com.techtailors.BookStore-NunoCordeiroUITests";
				PRODUCT_NAME = "$(TARGET_NAME)";
				SWIFT_EMIT_LOC_STRINGS = NO;
				SWIFT_VERSION = 5.0;
				TARGETED_DEVICE_FAMILY = "1,2";
				TEST_TARGET_NAME = BookStore_NunoCordeiro;
			};
			name = Debug;
		};
		9A5E2E2529DCA1DF0023AF4D /* Release */ = {
			isa = XCBuildConfiguration;
			buildSettings = {
				ALWAYS_EMBED_SWIFT_STANDARD_LIBRARIES = YES;
				CODE_SIGN_STYLE = Automatic;
				CURRENT_PROJECT_VERSION = 1;
				DEVELOPMENT_TEAM = F6474MXVM7;
				GENERATE_INFOPLIST_FILE = YES;
				MARKETING_VERSION = 1.0;
				PRODUCT_BUNDLE_IDENTIFIER = "com.techtailors.BookStore-NunoCordeiroUITests";
				PRODUCT_NAME = "$(TARGET_NAME)";
				SWIFT_EMIT_LOC_STRINGS = NO;
				SWIFT_VERSION = 5.0;
				TARGETED_DEVICE_FAMILY = "1,2";
				TEST_TARGET_NAME = BookStore_NunoCordeiro;
			};
			name = Release;
		};
/* End XCBuildConfiguration section */

/* Begin XCConfigurationList section */
		9A5E2DEE29DCA1DD0023AF4D /* Build configuration list for PBXProject "BookStore_NunoCordeiro" */ = {
			isa = XCConfigurationList;
			buildConfigurations = (
				9A5E2E1B29DCA1DF0023AF4D /* Debug */,
				9A5E2E1C29DCA1DF0023AF4D /* Release */,
			);
			defaultConfigurationIsVisible = 0;
			defaultConfigurationName = Release;
		};
		9A5E2E1D29DCA1DF0023AF4D /* Build configuration list for PBXNativeTarget "BookStore_NunoCordeiro" */ = {
			isa = XCConfigurationList;
			buildConfigurations = (
				9A5E2E1E29DCA1DF0023AF4D /* Debug */,
				9A5E2E1F29DCA1DF0023AF4D /* Release */,
			);
			defaultConfigurationIsVisible = 0;
			defaultConfigurationName = Release;
		};
		9A5E2E2029DCA1DF0023AF4D /* Build configuration list for PBXNativeTarget "BookStore_NunoCordeiroTests" */ = {
			isa = XCConfigurationList;
			buildConfigurations = (
				9A5E2E2129DCA1DF0023AF4D /* Debug */,
				9A5E2E2229DCA1DF0023AF4D /* Release */,
			);
			defaultConfigurationIsVisible = 0;
			defaultConfigurationName = Release;
		};
		9A5E2E2329DCA1DF0023AF4D /* Build configuration list for PBXNativeTarget "BookStore_NunoCordeiroUITests" */ = {
			isa = XCConfigurationList;
			buildConfigurations = (
				9A5E2E2429DCA1DF0023AF4D /* Debug */,
				9A5E2E2529DCA1DF0023AF4D /* Release */,
			);
			defaultConfigurationIsVisible = 0;
			defaultConfigurationName = Release;
		};
/* End XCConfigurationList section */
	};
	rootObject = 9A5E2DEB29DCA1DD0023AF4D /* Project object */;
}
